// !$*UTF8*$!
{
	archiveVersion = 1;
	classes = {
	};
	objectVersion = 46;
	objects = {

/* Begin PBXBuildFile section */
		A3FEFD0D1E62372400C5D698 /* AppDelegate.swift in Sources */ = {isa = PBXBuildFile; fileRef = A3FEFD0C1E62372400C5D698 /* AppDelegate.swift */; };
		A3FEFD0F1E62372400C5D698 /* ViewController.swift in Sources */ = {isa = PBXBuildFile; fileRef = A3FEFD0E1E62372400C5D698 /* ViewController.swift */; };
		A3FEFD121E62372400C5D698 /* Main.storyboard in Resources */ = {isa = PBXBuildFile; fileRef = A3FEFD101E62372400C5D698 /* Main.storyboard */; };
		A3FEFD141E62372400C5D698 /* Assets.xcassets in Resources */ = {isa = PBXBuildFile; fileRef = A3FEFD131E62372400C5D698 /* Assets.xcassets */; };
		A3FEFD171E62372400C5D698 /* LaunchScreen.storyboard in Resources */ = {isa = PBXBuildFile; fileRef = A3FEFD151E62372400C5D698 /* LaunchScreen.storyboard */; };
/* End PBXBuildFile section */

/* Begin PBXFileReference section */
		A3FEFD091E62372400C5D698 /* hackIllinois17.app */ = {isa = PBXFileReference; explicitFileType = wrapper.application; includeInIndex = 0; path = hackIllinois17.app; sourceTree = BUILT_PRODUCTS_DIR; };
		A3FEFD0C1E62372400C5D698 /* AppDelegate.swift */ = {isa = PBXFileReference; lastKnownFileType = sourcecode.swift; path = AppDelegate.swift; sourceTree = "<group>"; };
		A3FEFD0E1E62372400C5D698 /* ViewController.swift */ = {isa = PBXFileReference; lastKnownFileType = sourcecode.swift; path = ViewController.swift; sourceTree = "<group>"; };
		A3FEFD111E62372400C5D698 /* Base */ = {isa = PBXFileReference; lastKnownFileType = file.storyboard; name = Base; path = Base.lproj/Main.storyboard; sourceTree = "<group>"; };
		A3FEFD131E62372400C5D698 /* Assets.xcassets */ = {isa = PBXFileReference; lastKnownFileType = folder.assetcatalog; path = Assets.xcassets; sourceTree = "<group>"; };
		A3FEFD161E62372400C5D698 /* Base */ = {isa = PBXFileReference; lastKnownFileType = file.storyboard; name = Base; path = Base.lproj/LaunchScreen.storyboard; sourceTree = "<group>"; };
		A3FEFD181E62372400C5D698 /* Info.plist */ = {isa = PBXFileReference; lastKnownFileType = text.plist.xml; path = Info.plist; sourceTree = "<group>"; };
/* End PBXFileReference section */

/* Begin PBXFrameworksBuildPhase section */
		A3FEFD061E62372400C5D698 /* Frameworks */ = {
			isa = PBXFrameworksBuildPhase;
			buildActionMask = 2147483647;
			files = (
			);
			runOnlyForDeploymentPostprocessing = 0;
		};
/* End PBXFrameworksBuildPhase section */

/* Begin PBXGroup section */
		A3FEFD001E62372300C5D698 = {
			isa = PBXGroup;
			children = (
				A3FEFD0B1E62372400C5D698 /* hackIllinois17 */,
				A3FEFD0A1E62372400C5D698 /* Products */,
			);
			sourceTree = "<group>";
		};
		A3FEFD0A1E62372400C5D698 /* Products */ = {
			isa = PBXGroup;
			children = (
				A3FEFD091E62372400C5D698 /* hackIllinois17.app */,
			);
			name = Products;
			sourceTree = "<group>";
		};
		A3FEFD0B1E62372400C5D698 /* hackIllinois17 */ = {
			isa = PBXGroup;
			children = (
				A3FEFD0C1E62372400C5D698 /* AppDelegate.swift */,
				A3FEFD0E1E62372400C5D698 /* ViewController.swift */,
				A3FEFD101E62372400C5D698 /* Main.storyboard */,
				A3FEFD131E62372400C5D698 /* Assets.xcassets */,
				A3FEFD151E62372400C5D698 /* LaunchScreen.storyboard */,
				A3FEFD181E62372400C5D698 /* Info.plist */,
			);
			path = hackIllinois17;
			sourceTree = "<group>";
		};
/* End PBXGroup section */

/* Begin PBXNativeTarget section */
		A3FEFD081E62372400C5D698 /* hackIllinois17 */ = {
			isa = PBXNativeTarget;
			buildConfigurationList = A3FEFD1B1E62372400C5D698 /* Build configuration list for PBXNativeTarget "hackIllinois17" */;
			buildPhases = (
				A3FEFD051E62372400C5D698 /* Sources */,
				A3FEFD061E62372400C5D698 /* Frameworks */,
				A3FEFD071E62372400C5D698 /* Resources */,
			);
			buildRules = (
			);
			dependencies = (
			);
			name = hackIllinois17;
			productName = hackIllinois17;
			productReference = A3FEFD091E62372400C5D698 /* hackIllinois17.app */;
			productType = "com.apple.product-type.application";
		};
/* End PBXNativeTarget section */

/* Begin PBXProject section */
		A3FEFD011E62372300C5D698 /* Project object */ = {
			isa = PBXProject;
			attributes = {
				LastSwiftUpdateCheck = 0820;
				LastUpgradeCheck = 0820;
				ORGANIZATIONNAME = SanchayJaveria;
				TargetAttributes = {
					A3FEFD081E62372400C5D698 = {
						CreatedOnToolsVersion = 8.2.1;
						ProvisioningStyle = Automatic;
					};
				};
			};
			buildConfigurationList = A3FEFD041E62372300C5D698 /* Build configuration list for PBXProject "hackIllinois17" */;
			compatibilityVersion = "Xcode 3.2";
			developmentRegion = English;
			hasScannedForEncodings = 0;
			knownRegions = (
				en,
				Base,
			);
			mainGroup = A3FEFD001E62372300C5D698;
			productRefGroup = A3FEFD0A1E62372400C5D698 /* Products */;
			projectDirPath = "";
			projectRoot = "";
			targets = (
				A3FEFD081E62372400C5D698 /* hackIllinois17 */,
			);
		};
/* End PBXProject section */

/* Begin PBXResourcesBuildPhase section */
		A3FEFD071E62372400C5D698 /* Resources */ = {
			isa = PBXResourcesBuildPhase;
			buildActionMask = 2147483647;
			files = (
				A3FEFD171E62372400C5D698 /* LaunchScreen.storyboard in Resources */,
				A3FEFD141E62372400C5D698 /* Assets.xcassets in Resources */,
				A3FEFD121E62372400C5D698 /* Main.storyboard in Resources */,
			);
			runOnlyForDeploymentPostprocessing = 0;
		};
/* End PBXResourcesBuildPhase section */

/* Begin PBXSourcesBuildPhase section */
		A3FEFD051E62372400C5D698 /* Sources */ = {
			isa = PBXSourcesBuildPhase;
			buildActionMask = 2147483647;
			files = (
				A3FEFD0F1E62372400C5D698 /* ViewController.swift in Sources */,
				A3FEFD0D1E62372400C5D698 /* AppDelegate.swift in Sources */,
			);
			runOnlyForDeploymentPostprocessing = 0;
		};
/* End PBXSourcesBuildPhase section */

/* Begin PBXVariantGroup section */
		A3FEFD101E62372400C5D698 /* Main.storyboard */ = {
			isa = PBXVariantGroup;
			children = (
				A3FEFD111E62372400C5D698 /* Base */,
			);
			name = Main.storyboard;
			sourceTree = "<group>";
		};
		A3FEFD151E62372400C5D698 /* LaunchScreen.storyboard */ = {
			isa = PBXVariantGroup;
			children = (
				A3FEFD161E62372400C5D698 /* Base */,
			);
			name = LaunchScreen.storyboard;
			sourceTree = "<group>";
		};
/* End PBXVariantGroup section */

/* Begin XCBuildConfiguration section */
		A3FEFD191E62372400C5D698 /* Debug */ = {
			isa = XCBuildConfiguration;
			buildSettings = {
				ALWAYS_SEARCH_USER_PATHS = NO;
				CLANG_ANALYZER_NONNULL = YES;
				CLANG_CXX_LANGUAGE_STANDARD = "gnu++0x";
				CLANG_CXX_LIBRARY = "libc++";
				CLANG_ENABLE_MODULES = YES;
				CLANG_ENABLE_OBJC_ARC = YES;
				CLANG_WARN_BOOL_CONVERSION = YES;
				CLANG_WARN_CONSTANT_CONVERSION = YES;
				CLANG_WARN_DIRECT_OBJC_ISA_USAGE = YES_ERROR;
				CLANG_WARN_DOCUMENTATION_COMMENTS = YES;
				CLANG_WARN_EMPTY_BODY = YES;
				CLANG_WARN_ENUM_CONVERSION = YES;
				CLANG_WARN_INFINITE_RECURSION = YES;
				CLANG_WARN_INT_CONVERSION = YES;
				CLANG_WARN_OBJC_ROOT_CLASS = YES_ERROR;
				CLANG_WARN_SUSPICIOUS_MOVE = YES;
				CLANG_WARN_UNREACHABLE_CODE = YES;
				CLANG_WARN__DUPLICATE_METHOD_MATCH = YES;
				"CODE_SIGN_IDENTITY[sdk=iphoneos*]" = "iPhone Developer";
				COPY_PHASE_STRIP = NO;
				DEBUG_INFORMATION_FORMAT = dwarf;
				ENABLE_STRICT_OBJC_MSGSEND = YES;
				ENABLE_TESTABILITY = YES;
				GCC_C_LANGUAGE_STANDARD = gnu99;
				GCC_DYNAMIC_NO_PIC = NO;
				GCC_NO_COMMON_BLOCKS = YES;
				GCC_OPTIMIZATION_LEVEL = 0;
				GCC_PREPROCESSOR_DEFINITIONS = (
					"DEBUG=1",
					"$(inherited)",
				);
				GCC_WARN_64_TO_32_BIT_CONVERSION = YES;
				GCC_WARN_ABOUT_RETURN_TYPE = YES_ERROR;
				GCC_WARN_UNDECLARED_SELECTOR = YES;
				GCC_WARN_UNINITIALIZED_AUTOS = YES_AGGRESSIVE;
				GCC_WARN_UNUSED_FUNCTION = YES;
				GCC_WARN_UNUSED_VARIABLE = YES;
				IPHONEOS_DEPLOYMENT_TARGET = 10.2;
				MTL_ENABLE_DEBUG_INFO = YES;
				ONLY_ACTIVE_ARCH = YES;
				SDKROOT = iphoneos;
				SWIFT_ACTIVE_COMPILATION_CONDITIONS = DEBUG;
				SWIFT_OPTIMIZATION_LEVEL = "-Onone";
			};
			name = Debug;
		};
		A3FEFD1A1E62372400C5D698 /* Release */ = {
			isa = XCBuildConfiguration;
			buildSettings = {
				ALWAYS_SEARCH_USER_PATHS = NO;
				CLANG_ANALYZER_NONNULL = YES;
				CLANG_CXX_LANGUAGE_STANDARD = "gnu++0x";
				CLANG_CXX_LIBRARY = "libc++";
				CLANG_ENABLE_MODULES = YES;
				CLANG_ENABLE_OBJC_ARC = YES;
				CLANG_WARN_BOOL_CONVERSION = YES;
				CLANG_WARN_CONSTANT_CONVERSION = YES;
				CLANG_WARN_DIRECT_OBJC_ISA_USAGE = YES_ERROR;
				CLANG_WARN_DOCUMENTATION_COMMENTS = YES;
				CLANG_WARN_EMPTY_BODY = YES;
				CLANG_WARN_ENUM_CONVERSION = YES;
				CLANG_WARN_INFINITE_RECURSION = YES;
				CLANG_WARN_INT_CONVERSION = YES;
				CLANG_WARN_OBJC_ROOT_CLASS = YES_ERROR;
				CLANG_WARN_SUSPICIOUS_MOVE = YES;
				CLANG_WARN_UNREACHABLE_CODE = YES;
				CLANG_WARN__DUPLICATE_METHOD_MATCH = YES;
				"CODE_SIGN_IDENTITY[sdk=iphoneos*]" = "iPhone Developer";
				COPY_PHASE_STRIP = NO;
				DEBUG_INFORMATION_FORMAT = "dwarf-with-dsym";
				ENABLE_NS_ASSERTIONS = NO;
				ENABLE_STRICT_OBJC_MSGSEND = YES;
				GCC_C_LANGUAGE_STANDARD = gnu99;
				GCC_NO_COMMON_BLOCKS = YES;
				GCC_WARN_64_TO_32_BIT_CONVERSION = YES;
				GCC_WARN_ABOUT_RETURN_TYPE = YES_ERROR;
				GCC_WARN_UNDECLARED_SELECTOR = YES;
				GCC_WARN_UNINITIALIZED_AUTOS = YES_AGGRESSIVE;
				GCC_WARN_UNUSED_FUNCTION = YES;
				GCC_WARN_UNUSED_VARIABLE = YES;
				IPHONEOS_DEPLOYMENT_TARGET = 10.2;
				MTL_ENABLE_DEBUG_INFO = NO;
				SDKROOT = iphoneos;
				SWIFT_OPTIMIZATION_LEVEL = "-Owholemodule";
				VALIDATE_PRODUCT = YES;
			};
			name = Release;
		};
		A3FEFD1C1E62372400C5D698 /* Debug */ = {
			isa = XCBuildConfiguration;
			buildSettings = {
				ASSETCATALOG_COMPILER_APPICON_NAME = AppIcon;
				INFOPLIST_FILE = hackIllinois17/Info.plist;
				LD_RUNPATH_SEARCH_PATHS = "$(inherited) @executable_path/Frameworks";
				PRODUCT_BUNDLE_IDENTIFIER = com.sanchayjaveria.hackIllinois17;
				PRODUCT_NAME = "$(TARGET_NAME)";
				SWIFT_VERSION = 3.0;
			};
			name = Debug;
		};
		A3FEFD1D1E62372400C5D698 /* Release */ = {
			isa = XCBuildConfiguration;
			buildSettings = {
				ASSETCATALOG_COMPILER_APPICON_NAME = AppIcon;
				INFOPLIST_FILE = hackIllinois17/Info.plist;
				LD_RUNPATH_SEARCH_PATHS = "$(inherited) @executable_path/Frameworks";
				PRODUCT_BUNDLE_IDENTIFIER = com.sanchayjaveria.hackIllinois17;
				PRODUCT_NAME = "$(TARGET_NAME)";
				SWIFT_VERSION = 3.0;
			};
			name = Release;
		};
/* End XCBuildConfiguration section */

/* Begin XCConfigurationList section */
		A3FEFD041E62372300C5D698 /* Build configuration list for PBXProject "hackIllinois17" */ = {
			isa = XCConfigurationList;
			buildConfigurations = (
				A3FEFD191E62372400C5D698 /* Debug */,
				A3FEFD1A1E62372400C5D698 /* Release */,
			);
			defaultConfigurationIsVisible = 0;
			defaultConfigurationName = Release;
		};
		A3FEFD1B1E62372400C5D698 /* Build configuration list for PBXNativeTarget "hackIllinois17" */ = {
			isa = XCConfigurationList;
			buildConfigurations = (
				A3FEFD1C1E62372400C5D698 /* Debug */,
				A3FEFD1D1E62372400C5D698 /* Release */,
			);
			defaultConfigurationIsVisible = 0;
		};
/* End XCConfigurationList section */
	};
	rootObject = A3FEFD011E62372300C5D698 /* Project object */;
}
